// !$*UTF8*$!
{
	archiveVersion = 1;
	classes = {
	};
	objectVersion = 46;
	objects = {

/* Begin PBXBuildFile section */
		7756A0C9183F408B00DEF428 /* Foundation.framework in Frameworks */ = {isa = PBXBuildFile; fileRef = 7756A0C8183F408B00DEF428 /* Foundation.framework */; };
		7756A0CB183F408B00DEF428 /* CoreGraphics.framework in Frameworks */ = {isa = PBXBuildFile; fileRef = 7756A0CA183F408B00DEF428 /* CoreGraphics.framework */; };
		7756A0CD183F408B00DEF428 /* UIKit.framework in Frameworks */ = {isa = PBXBuildFile; fileRef = 7756A0CC183F408B00DEF428 /* UIKit.framework */; };
		7756A0CF183F408B00DEF428 /* CoreData.framework in Frameworks */ = {isa = PBXBuildFile; fileRef = 7756A0CE183F408B00DEF428 /* CoreData.framework */; };
		7756A0D5183F408B00DEF428 /* InfoPlist.strings in Resources */ = {isa = PBXBuildFile; fileRef = 7756A0D3183F408B00DEF428 /* InfoPlist.strings */; };
		7756A0D7183F408B00DEF428 /* main.m in Sources */ = {isa = PBXBuildFile; fileRef = 7756A0D6183F408B00DEF428 /* main.m */; };
		7756A0DB183F408B00DEF428 /* AppDelegate.m in Sources */ = {isa = PBXBuildFile; fileRef = 7756A0DA183F408B00DEF428 /* AppDelegate.m */; };
		7756A0DE183F408B00DEF428 /* Weather.xcdatamodeld in Sources */ = {isa = PBXBuildFile; fileRef = 7756A0DC183F408B00DEF428 /* Weather.xcdatamodeld */; };
		7756A0E0183F408B00DEF428 /* Images.xcassets in Resources */ = {isa = PBXBuildFile; fileRef = 7756A0DF183F408B00DEF428 /* Images.xcassets */; };
		7756A0E7183F408B00DEF428 /* XCTest.framework in Frameworks */ = {isa = PBXBuildFile; fileRef = 7756A0E6183F408B00DEF428 /* XCTest.framework */; };
		7756A0E8183F408B00DEF428 /* Foundation.framework in Frameworks */ = {isa = PBXBuildFile; fileRef = 7756A0C8183F408B00DEF428 /* Foundation.framework */; };
		7756A0E9183F408B00DEF428 /* UIKit.framework in Frameworks */ = {isa = PBXBuildFile; fileRef = 7756A0CC183F408B00DEF428 /* UIKit.framework */; };
		7756A0EA183F408B00DEF428 /* CoreData.framework in Frameworks */ = {isa = PBXBuildFile; fileRef = 7756A0CE183F408B00DEF428 /* CoreData.framework */; };
		7756A0F2183F408B00DEF428 /* InfoPlist.strings in Resources */ = {isa = PBXBuildFile; fileRef = 7756A0F0183F408B00DEF428 /* InfoPlist.strings */; };
		7756A0F4183F408B00DEF428 /* WeatherTests.m in Sources */ = {isa = PBXBuildFile; fileRef = 7756A0F3183F408B00DEF428 /* WeatherTests.m */; };
		7756A0FE183F562100DEF428 /* Storyboard.storyboard in Resources */ = {isa = PBXBuildFile; fileRef = 7756A0FD183F562100DEF428 /* Storyboard.storyboard */; };
		77900E8E1842F5260079BF54 /* ETModalGallerySegue.m in Sources */ = {isa = PBXBuildFile; fileRef = 77900E8D1842F5260079BF54 /* ETModalGallerySegue.m */; };
		7796CBDB18432A5800E58EED /* ETImagePickerController.m in Sources */ = {isa = PBXBuildFile; fileRef = 7796CBDA18432A5800E58EED /* ETImagePickerController.m */; };
/* End PBXBuildFile section */

/* Begin PBXContainerItemProxy section */
		7756A0EB183F408B00DEF428 /* PBXContainerItemProxy */ = {
			isa = PBXContainerItemProxy;
			containerPortal = 7756A0BD183F408B00DEF428 /* Project object */;
			proxyType = 1;
			remoteGlobalIDString = 7756A0C4183F408B00DEF428;
			remoteInfo = Weather;
		};
/* End PBXContainerItemProxy section */

/* Begin PBXFileReference section */
		7756A0C5183F408B00DEF428 /* Weather.app */ = {isa = PBXFileReference; explicitFileType = wrapper.application; includeInIndex = 0; path = Weather.app; sourceTree = BUILT_PRODUCTS_DIR; };
		7756A0C8183F408B00DEF428 /* Foundation.framework */ = {isa = PBXFileReference; lastKnownFileType = wrapper.framework; name = Foundation.framework; path = System/Library/Frameworks/Foundation.framework; sourceTree = SDKROOT; };
		7756A0CA183F408B00DEF428 /* CoreGraphics.framework */ = {isa = PBXFileReference; lastKnownFileType = wrapper.framework; name = CoreGraphics.framework; path = System/Library/Frameworks/CoreGraphics.framework; sourceTree = SDKROOT; };
		7756A0CC183F408B00DEF428 /* UIKit.framework */ = {isa = PBXFileReference; lastKnownFileType = wrapper.framework; name = UIKit.framework; path = System/Library/Frameworks/UIKit.framework; sourceTree = SDKROOT; };
		7756A0CE183F408B00DEF428 /* CoreData.framework */ = {isa = PBXFileReference; lastKnownFileType = wrapper.framework; name = CoreData.framework; path = System/Library/Frameworks/CoreData.framework; sourceTree = SDKROOT; };
		7756A0D2183F408B00DEF428 /* Weather-Info.plist */ = {isa = PBXFileReference; lastKnownFileType = text.plist.xml; path = "Weather-Info.plist"; sourceTree = "<group>"; };
		7756A0D4183F408B00DEF428 /* en */ = {isa = PBXFileReference; lastKnownFileType = text.plist.strings; name = en; path = en.lproj/InfoPlist.strings; sourceTree = "<group>"; };
		7756A0D6183F408B00DEF428 /* main.m */ = {isa = PBXFileReference; lastKnownFileType = sourcecode.c.objc; path = main.m; sourceTree = "<group>"; };
		7756A0D8183F408B00DEF428 /* Weather-Prefix.pch */ = {isa = PBXFileReference; lastKnownFileType = sourcecode.c.h; path = "Weather-Prefix.pch"; sourceTree = "<group>"; };
		7756A0D9183F408B00DEF428 /* AppDelegate.h */ = {isa = PBXFileReference; lastKnownFileType = sourcecode.c.h; path = AppDelegate.h; sourceTree = "<group>"; };
		7756A0DA183F408B00DEF428 /* AppDelegate.m */ = {isa = PBXFileReference; lastKnownFileType = sourcecode.c.objc; path = AppDelegate.m; sourceTree = "<group>"; };
		7756A0DD183F408B00DEF428 /* Weather.xcdatamodel */ = {isa = PBXFileReference; lastKnownFileType = wrapper.xcdatamodel; path = Weather.xcdatamodel; sourceTree = "<group>"; };
		7756A0DF183F408B00DEF428 /* Images.xcassets */ = {isa = PBXFileReference; lastKnownFileType = folder.assetcatalog; path = Images.xcassets; sourceTree = "<group>"; };
		7756A0E5183F408B00DEF428 /* WeatherTests.xctest */ = {isa = PBXFileReference; explicitFileType = wrapper.cfbundle; includeInIndex = 0; path = WeatherTests.xctest; sourceTree = BUILT_PRODUCTS_DIR; };
		7756A0E6183F408B00DEF428 /* XCTest.framework */ = {isa = PBXFileReference; lastKnownFileType = wrapper.framework; name = XCTest.framework; path = Library/Frameworks/XCTest.framework; sourceTree = DEVELOPER_DIR; };
		7756A0EF183F408B00DEF428 /* WeatherTests-Info.plist */ = {isa = PBXFileReference; lastKnownFileType = text.plist.xml; path = "WeatherTests-Info.plist"; sourceTree = "<group>"; };
		7756A0F1183F408B00DEF428 /* en */ = {isa = PBXFileReference; lastKnownFileType = text.plist.strings; name = en; path = en.lproj/InfoPlist.strings; sourceTree = "<group>"; };
		7756A0F3183F408B00DEF428 /* WeatherTests.m */ = {isa = PBXFileReference; lastKnownFileType = sourcecode.c.objc; path = WeatherTests.m; sourceTree = "<group>"; };
		7756A0FD183F562100DEF428 /* Storyboard.storyboard */ = {isa = PBXFileReference; fileEncoding = 4; lastKnownFileType = file.storyboard; path = Storyboard.storyboard; sourceTree = "<group>"; };
		77900E8C1842F5260079BF54 /* ETModalGallerySegue.h */ = {isa = PBXFileReference; fileEncoding = 4; lastKnownFileType = sourcecode.c.h; path = ETModalGallerySegue.h; sourceTree = "<group>"; };
		77900E8D1842F5260079BF54 /* ETModalGallerySegue.m */ = {isa = PBXFileReference; fileEncoding = 4; lastKnownFileType = sourcecode.c.objc; path = ETModalGallerySegue.m; sourceTree = "<group>"; };
		7796CBD918432A5800E58EED /* ETImagePickerController.h */ = {isa = PBXFileReference; fileEncoding = 4; lastKnownFileType = sourcecode.c.h; path = ETImagePickerController.h; sourceTree = "<group>"; };
		7796CBDA18432A5800E58EED /* ETImagePickerController.m */ = {isa = PBXFileReference; fileEncoding = 4; lastKnownFileType = sourcecode.c.objc; path = ETImagePickerController.m; sourceTree = "<group>"; };
/* End PBXFileReference section */

/* Begin PBXFrameworksBuildPhase section */
		7756A0C2183F408B00DEF428 /* Frameworks */ = {
			isa = PBXFrameworksBuildPhase;
			buildActionMask = 2147483647;
			files = (
				7756A0CB183F408B00DEF428 /* CoreGraphics.framework in Frameworks */,
				7756A0CF183F408B00DEF428 /* CoreData.framework in Frameworks */,
				7756A0CD183F408B00DEF428 /* UIKit.framework in Frameworks */,
				7756A0C9183F408B00DEF428 /* Foundation.framework in Frameworks */,
			);
			runOnlyForDeploymentPostprocessing = 0;
		};
		7756A0E2183F408B00DEF428 /* Frameworks */ = {
			isa = PBXFrameworksBuildPhase;
			buildActionMask = 2147483647;
			files = (
				7756A0E7183F408B00DEF428 /* XCTest.framework in Frameworks */,
				7756A0EA183F408B00DEF428 /* CoreData.framework in Frameworks */,
				7756A0E9183F408B00DEF428 /* UIKit.framework in Frameworks */,
				7756A0E8183F408B00DEF428 /* Foundation.framework in Frameworks */,
			);
			runOnlyForDeploymentPostprocessing = 0;
		};
/* End PBXFrameworksBuildPhase section */

/* Begin PBXGroup section */
		7756A0BC183F408B00DEF428 = {
			isa = PBXGroup;
			children = (
				7756A0D0183F408B00DEF428 /* Weather */,
				7756A0ED183F408B00DEF428 /* WeatherTests */,
				7756A0C7183F408B00DEF428 /* Frameworks */,
				7756A0C6183F408B00DEF428 /* Products */,
			);
			sourceTree = "<group>";
		};
		7756A0C6183F408B00DEF428 /* Products */ = {
			isa = PBXGroup;
			children = (
				7756A0C5183F408B00DEF428 /* Weather.app */,
				7756A0E5183F408B00DEF428 /* WeatherTests.xctest */,
			);
			name = Products;
			sourceTree = "<group>";
		};
		7756A0C7183F408B00DEF428 /* Frameworks */ = {
			isa = PBXGroup;
			children = (
				7756A0C8183F408B00DEF428 /* Foundation.framework */,
				7756A0CA183F408B00DEF428 /* CoreGraphics.framework */,
				7756A0CC183F408B00DEF428 /* UIKit.framework */,
				7756A0CE183F408B00DEF428 /* CoreData.framework */,
				7756A0E6183F408B00DEF428 /* XCTest.framework */,
			);
			name = Frameworks;
			sourceTree = "<group>";
		};
		7756A0D0183F408B00DEF428 /* Weather */ = {
			isa = PBXGroup;
			children = (
				7796CBD918432A5800E58EED /* ETImagePickerController.h */,
				7796CBDA18432A5800E58EED /* ETImagePickerController.m */,
				7756A0D9183F408B00DEF428 /* AppDelegate.h */,
				7756A0DA183F408B00DEF428 /* AppDelegate.m */,
				7756A0FD183F562100DEF428 /* Storyboard.storyboard */,
				7756A0DF183F408B00DEF428 /* Images.xcassets */,
				7756A0DC183F408B00DEF428 /* Weather.xcdatamodeld */,
				7756A0D1183F408B00DEF428 /* Supporting Files */,
				77900E8C1842F5260079BF54 /* ETModalGallerySegue.h */,
				77900E8D1842F5260079BF54 /* ETModalGallerySegue.m */,
			);
			path = Weather;
			sourceTree = "<group>";
		};
		7756A0D1183F408B00DEF428 /* Supporting Files */ = {
			isa = PBXGroup;
			children = (
				7756A0D2183F408B00DEF428 /* Weather-Info.plist */,
				7756A0D3183F408B00DEF428 /* InfoPlist.strings */,
				7756A0D6183F408B00DEF428 /* main.m */,
				7756A0D8183F408B00DEF428 /* Weather-Prefix.pch */,
			);
			name = "Supporting Files";
			sourceTree = "<group>";
		};
		7756A0ED183F408B00DEF428 /* WeatherTests */ = {
			isa = PBXGroup;
			children = (
				7756A0F3183F408B00DEF428 /* WeatherTests.m */,
				7756A0EE183F408B00DEF428 /* Supporting Files */,
			);
			path = WeatherTests;
			sourceTree = "<group>";
		};
		7756A0EE183F408B00DEF428 /* Supporting Files */ = {
			isa = PBXGroup;
			children = (
				7756A0EF183F408B00DEF428 /* WeatherTests-Info.plist */,
				7756A0F0183F408B00DEF428 /* InfoPlist.strings */,
			);
			name = "Supporting Files";
			sourceTree = "<group>";
		};
/* End PBXGroup section */

/* Begin PBXNativeTarget section */
		7756A0C4183F408B00DEF428 /* Weather */ = {
			isa = PBXNativeTarget;
			buildConfigurationList = 7756A0F7183F408B00DEF428 /* Build configuration list for PBXNativeTarget "Weather" */;
			buildPhases = (
				7756A0C1183F408B00DEF428 /* Sources */,
				7756A0C2183F408B00DEF428 /* Frameworks */,
				7756A0C3183F408B00DEF428 /* Resources */,
			);
			buildRules = (
			);
			dependencies = (
			);
			name = Weather;
			productName = Weather;
			productReference = 7756A0C5183F408B00DEF428 /* Weather.app */;
			productType = "com.apple.product-type.application";
		};
		7756A0E4183F408B00DEF428 /* WeatherTests */ = {
			isa = PBXNativeTarget;
			buildConfigurationList = 7756A0FA183F408B00DEF428 /* Build configuration list for PBXNativeTarget "WeatherTests" */;
			buildPhases = (
				7756A0E1183F408B00DEF428 /* Sources */,
				7756A0E2183F408B00DEF428 /* Frameworks */,
				7756A0E3183F408B00DEF428 /* Resources */,
			);
			buildRules = (
			);
			dependencies = (
				7756A0EC183F408B00DEF428 /* PBXTargetDependency */,
			);
			name = WeatherTests;
			productName = WeatherTests;
			productReference = 7756A0E5183F408B00DEF428 /* WeatherTests.xctest */;
			productType = "com.apple.product-type.bundle.unit-test";
		};
/* End PBXNativeTarget section */

/* Begin PBXProject section */
		7756A0BD183F408B00DEF428 /* Project object */ = {
			isa = PBXProject;
			attributes = {
				LastUpgradeCheck = 0500;
				ORGANIZATIONNAME = Inforgence;
				TargetAttributes = {
					7756A0E4183F408B00DEF428 = {
						TestTargetID = 7756A0C4183F408B00DEF428;
					};
				};
			};
			buildConfigurationList = 7756A0C0183F408B00DEF428 /* Build configuration list for PBXProject "Weather" */;
			compatibilityVersion = "Xcode 3.2";
			developmentRegion = English;
			hasScannedForEncodings = 0;
			knownRegions = (
				en,
			);
			mainGroup = 7756A0BC183F408B00DEF428;
			productRefGroup = 7756A0C6183F408B00DEF428 /* Products */;
			projectDirPath = "";
			projectRoot = "";
			targets = (
				7756A0C4183F408B00DEF428 /* Weather */,
				7756A0E4183F408B00DEF428 /* WeatherTests */,
			);
		};
/* End PBXProject section */

/* Begin PBXResourcesBuildPhase section */
		7756A0C3183F408B00DEF428 /* Resources */ = {
			isa = PBXResourcesBuildPhase;
			buildActionMask = 2147483647;
			files = (
				7756A0D5183F408B00DEF428 /* InfoPlist.strings in Resources */,
				7756A0E0183F408B00DEF428 /* Images.xcassets in Resources */,
				7756A0FE183F562100DEF428 /* Storyboard.storyboard in Resources */,
			);
			runOnlyForDeploymentPostprocessing = 0;
		};
		7756A0E3183F408B00DEF428 /* Resources */ = {
			isa = PBXResourcesBuildPhase;
			buildActionMask = 2147483647;
			files = (
				7756A0F2183F408B00DEF428 /* InfoPlist.strings in Resources */,
			);
			runOnlyForDeploymentPostprocessing = 0;
		};
/* End PBXResourcesBuildPhase section */

/* Begin PBXSourcesBuildPhase section */
		7756A0C1183F408B00DEF428 /* Sources */ = {
			isa = PBXSourcesBuildPhase;
			buildActionMask = 2147483647;
			files = (
				7796CBDB18432A5800E58EED /* ETImagePickerController.m in Sources */,
				7756A0DE183F408B00DEF428 /* Weather.xcdatamodeld in Sources */,
				7756A0DB183F408B00DEF428 /* AppDelegate.m in Sources */,
				7756A0D7183F408B00DEF428 /* main.m in Sources */,
				77900E8E1842F5260079BF54 /* ETModalGallerySegue.m in Sources */,
			);
			runOnlyForDeploymentPostprocessing = 0;
		};
		7756A0E1183F408B00DEF428 /* Sources */ = {
			isa = PBXSourcesBuildPhase;
			buildActionMask = 2147483647;
			files = (
				7756A0F4183F408B00DEF428 /* WeatherTests.m in Sources */,
			);
			runOnlyForDeploymentPostprocessing = 0;
		};
/* End PBXSourcesBuildPhase section */

/* Begin PBXTargetDependency section */
		7756A0EC183F408B00DEF428 /* PBXTargetDependency */ = {
			isa = PBXTargetDependency;
			target = 7756A0C4183F408B00DEF428 /* Weather */;
			targetProxy = 7756A0EB183F408B00DEF428 /* PBXContainerItemProxy */;
		};
/* End PBXTargetDependency section */

/* Begin PBXVariantGroup section */
		7756A0D3183F408B00DEF428 /* InfoPlist.strings */ = {
			isa = PBXVariantGroup;
			children = (
				7756A0D4183F408B00DEF428 /* en */,
			);
			name = InfoPlist.strings;
			sourceTree = "<group>";
		};
		7756A0F0183F408B00DEF428 /* InfoPlist.strings */ = {
			isa = PBXVariantGroup;
			children = (
				7756A0F1183F408B00DEF428 /* en */,
			);
			name = InfoPlist.strings;
			sourceTree = "<group>";
		};
/* End PBXVariantGroup section */

/* Begin XCBuildConfiguration section */
		7756A0F5183F408B00DEF428 /* Debug */ = {
			isa = XCBuildConfiguration;
			buildSettings = {
				ALWAYS_SEARCH_USER_PATHS = NO;
				ARCHS = "$(ARCHS_STANDARD_INCLUDING_64_BIT)";
				CLANG_CXX_LANGUAGE_STANDARD = "gnu++0x";
				CLANG_CXX_LIBRARY = "libc++";
				CLANG_ENABLE_MODULES = YES;
				CLANG_ENABLE_OBJC_ARC = YES;
				CLANG_WARN_BOOL_CONVERSION = YES;
				CLANG_WARN_CONSTANT_CONVERSION = YES;
				CLANG_WARN_DIRECT_OBJC_ISA_USAGE = YES_ERROR;
				CLANG_WARN_EMPTY_BODY = YES;
				CLANG_WARN_ENUM_CONVERSION = YES;
				CLANG_WARN_INT_CONVERSION = YES;
				CLANG_WARN_OBJC_ROOT_CLASS = YES_ERROR;
				CLANG_WARN__DUPLICATE_METHOD_MATCH = YES;
				"CODE_SIGN_IDENTITY[sdk=iphoneos*]" = "iPhone Developer";
				COPY_PHASE_STRIP = NO;
				GCC_C_LANGUAGE_STANDARD = gnu99;
				GCC_DYNAMIC_NO_PIC = NO;
				GCC_OPTIMIZATION_LEVEL = 0;
				GCC_PREPROCESSOR_DEFINITIONS = (
					"DEBUG=1",
					"$(inherited)",
				);
				GCC_SYMBOLS_PRIVATE_EXTERN = NO;
				GCC_WARN_64_TO_32_BIT_CONVERSION = YES;
				GCC_WARN_ABOUT_RETURN_TYPE = YES_ERROR;
				GCC_WARN_UNDECLARED_SELECTOR = YES;
				GCC_WARN_UNINITIALIZED_AUTOS = YES;
				GCC_WARN_UNUSED_FUNCTION = YES;
				GCC_WARN_UNUSED_VARIABLE = YES;
				IPHONEOS_DEPLOYMENT_TARGET = 7.0;
				ONLY_ACTIVE_ARCH = YES;
				SDKROOT = iphoneos;
				TARGETED_DEVICE_FAMILY = "1,2";
			};
			name = Debug;
		};
		7756A0F6183F408B00DEF428 /* Release */ = {
			isa = XCBuildConfiguration;
			buildSettings = {
				ALWAYS_SEARCH_USER_PATHS = NO;
				ARCHS = "$(ARCHS_STANDARD_INCLUDING_64_BIT)";
				CLANG_CXX_LANGUAGE_STANDARD = "gnu++0x";
				CLANG_CXX_LIBRARY = "libc++";
				CLANG_ENABLE_MODULES = YES;
				CLANG_ENABLE_OBJC_ARC = YES;
				CLANG_WARN_BOOL_CONVERSION = YES;
				CLANG_WARN_CONSTANT_CONVERSION = YES;
				CLANG_WARN_DIRECT_OBJC_ISA_USAGE = YES_ERROR;
				CLANG_WARN_EMPTY_BODY = YES;
				CLANG_WARN_ENUM_CONVERSION = YES;
				CLANG_WARN_INT_CONVERSION = YES;
				CLANG_WARN_OBJC_ROOT_CLASS = YES_ERROR;
				CLANG_WARN__DUPLICATE_METHOD_MATCH = YES;
				"CODE_SIGN_IDENTITY[sdk=iphoneos*]" = "iPhone Developer";
				COPY_PHASE_STRIP = YES;
				ENABLE_NS_ASSERTIONS = NO;
				GCC_C_LANGUAGE_STANDARD = gnu99;
				GCC_WARN_64_TO_32_BIT_CONVERSION = YES;
				GCC_WARN_ABOUT_RETURN_TYPE = YES_ERROR;
				GCC_WARN_UNDECLARED_SELECTOR = YES;
				GCC_WARN_UNINITIALIZED_AUTOS = YES;
				GCC_WARN_UNUSED_FUNCTION = YES;
				GCC_WARN_UNUSED_VARIABLE = YES;
				IPHONEOS_DEPLOYMENT_TARGET = 7.0;
				SDKROOT = iphoneos;
				TARGETED_DEVICE_FAMILY = "1,2";
				VALIDATE_PRODUCT = YES;
			};
			name = Release;
		};
		7756A0F8183F408B00DEF428 /* Debug */ = {
			isa = XCBuildConfiguration;
			buildSettings = {
				ASSETCATALOG_COMPILER_APPICON_NAME = AppIcon;
				ASSETCATALOG_COMPILER_LAUNCHIMAGE_NAME = LaunchImage;
				GCC_PRECOMPILE_PREFIX_HEADER = YES;
				GCC_PREFIX_HEADER = "Weather/Weather-Prefix.pch";
				INFOPLIST_FILE = "Weather/Weather-Info.plist";
				PRODUCT_NAME = "$(TARGET_NAME)";
				WRAPPER_EXTENSION = app;
			};
			name = Debug;
		};
		7756A0F9183F408B00DEF428 /* Release */ = {
			isa = XCBuildConfiguration;
			buildSettings = {
				ASSETCATALOG_COMPILER_APPICON_NAME = AppIcon;
				ASSETCATALOG_COMPILER_LAUNCHIMAGE_NAME = LaunchImage;
				GCC_PRECOMPILE_PREFIX_HEADER = YES;
				GCC_PREFIX_HEADER = "Weather/Weather-Prefix.pch";
				INFOPLIST_FILE = "Weather/Weather-Info.plist";
				PRODUCT_NAME = "$(TARGET_NAME)";
				WRAPPER_EXTENSION = app;
			};
			name = Release;
		};
		7756A0FB183F408B00DEF428 /* Debug */ = {
			isa = XCBuildConfiguration;
			buildSettings = {
				ARCHS = "$(ARCHS_STANDARD_INCLUDING_64_BIT)";
				BUNDLE_LOADER = "$(BUILT_PRODUCTS_DIR)/Weather.app/Weather";
				FRAMEWORK_SEARCH_PATHS = (
					"$(SDKROOT)/Developer/Library/Frameworks",
					"$(inherited)",
					"$(DEVELOPER_FRAMEWORKS_DIR)",
				);
				GCC_PRECOMPILE_PREFIX_HEADER = YES;
				GCC_PREFIX_HEADER = "Weather/Weather-Prefix.pch";
				GCC_PREPROCESSOR_DEFINITIONS = (
					"DEBUG=1",
					"$(inherited)",
				);
				INFOPLIST_FILE = "WeatherTests/WeatherTests-Info.plist";
				PRODUCT_NAME = "$(TARGET_NAME)";
				TEST_HOST = "$(BUNDLE_LOADER)";
				WRAPPER_EXTENSION = xctest;
			};
			name = Debug;
		};
		7756A0FC183F408B00DEF428 /* Release */ = {
			isa = XCBuildConfiguration;
			buildSettings = {
				ARCHS = "$(ARCHS_STANDARD_INCLUDING_64_BIT)";
				BUNDLE_LOADER = "$(BUILT_PRODUCTS_DIR)/Weather.app/Weather";
				FRAMEWORK_SEARCH_PATHS = (
					"$(SDKROOT)/Developer/Library/Frameworks",
					"$(inherited)",
					"$(DEVELOPER_FRAMEWORKS_DIR)",
				);
				GCC_PRECOMPILE_PREFIX_HEADER = YES;
				GCC_PREFIX_HEADER = "Weather/Weather-Prefix.pch";
				INFOPLIST_FILE = "WeatherTests/WeatherTests-Info.plist";
				PRODUCT_NAME = "$(TARGET_NAME)";
				TEST_HOST = "$(BUNDLE_LOADER)";
				WRAPPER_EXTENSION = xctest;
			};
			name = Release;
		};
/* End XCBuildConfiguration section */

/* Begin XCConfigurationList section */
		7756A0C0183F408B00DEF428 /* Build configuration list for PBXProject "Weather" */ = {
			isa = XCConfigurationList;
			buildConfigurations = (
				7756A0F5183F408B00DEF428 /* Debug */,
				7756A0F6183F408B00DEF428 /* Release */,
			);
			defaultConfigurationIsVisible = 0;
			defaultConfigurationName = Release;
		};
		7756A0F7183F408B00DEF428 /* Build configuration list for PBXNativeTarget "Weather" */ = {
			isa = XCConfigurationList;
			buildConfigurations = (
				7756A0F8183F408B00DEF428 /* Debug */,
				7756A0F9183F408B00DEF428 /* Release */,
			);
			defaultConfigurationIsVisible = 0;
			defaultConfigurationName = Release;
		};
		7756A0FA183F408B00DEF428 /* Build configuration list for PBXNativeTarget "WeatherTests" */ = {
			isa = XCConfigurationList;
			buildConfigurations = (
				7756A0FB183F408B00DEF428 /* Debug */,
				7756A0FC183F408B00DEF428 /* Release */,
			);
			defaultConfigurationIsVisible = 0;
			defaultConfigurationName = Release;
		};
/* End XCConfigurationList section */

/* Begin XCVersionGroup section */
		7756A0DC183F408B00DEF428 /* Weather.xcdatamodeld */ = {
			isa = XCVersionGroup;
			children = (
				7756A0DD183F408B00DEF428 /* Weather.xcdatamodel */,
			);
			currentVersion = 7756A0DD183F408B00DEF428 /* Weather.xcdatamodel */;
			path = Weather.xcdatamodeld;
			sourceTree = "<group>";
			versionGroupType = wrapper.xcdatamodel;
		};
/* End XCVersionGroup section */
	};
	rootObject = 7756A0BD183F408B00DEF428 /* Project object */;
}
